// !$*UTF8*$!
{
	archiveVersion = 1;
	classes = {
	};
	objectVersion = 46;
	objects = {

/* Begin PBXBuildFile section */
		3ACE90251F0CDDC4007461F9 /* AppDelegate.swift in Sources */ = {isa = PBXBuildFile; fileRef = 3ACE90241F0CDDC4007461F9 /* AppDelegate.swift */; };
		3ACE90271F0CDDC4007461F9 /* ViewController.swift in Sources */ = {isa = PBXBuildFile; fileRef = 3ACE90261F0CDDC4007461F9 /* ViewController.swift */; };
		3ACE902A1F0CDDC4007461F9 /* Main.storyboard in Resources */ = {isa = PBXBuildFile; fileRef = 3ACE90281F0CDDC4007461F9 /* Main.storyboard */; };
		3ACE902D1F0CDDC4007461F9 /* Bai4.xcdatamodeld in Sources */ = {isa = PBXBuildFile; fileRef = 3ACE902B1F0CDDC4007461F9 /* Bai4.xcdatamodeld */; };
		3ACE902F1F0CDDC4007461F9 /* Assets.xcassets in Resources */ = {isa = PBXBuildFile; fileRef = 3ACE902E1F0CDDC4007461F9 /* Assets.xcassets */; };
		3ACE90321F0CDDC4007461F9 /* LaunchScreen.storyboard in Resources */ = {isa = PBXBuildFile; fileRef = 3ACE90301F0CDDC4007461F9 /* LaunchScreen.storyboard */; };
		3ACE903D1F0CDDC4007461F9 /* Bai4Tests.swift in Sources */ = {isa = PBXBuildFile; fileRef = 3ACE903C1F0CDDC4007461F9 /* Bai4Tests.swift */; };
		3ACE90481F0CDDC4007461F9 /* Bai4UITests.swift in Sources */ = {isa = PBXBuildFile; fileRef = 3ACE90471F0CDDC4007461F9 /* Bai4UITests.swift */; };
/* End PBXBuildFile section */

/* Begin PBXContainerItemProxy section */
		3ACE90391F0CDDC4007461F9 /* PBXContainerItemProxy */ = {
			isa = PBXContainerItemProxy;
			containerPortal = 3ACE90191F0CDDC4007461F9 /* Project object */;
			proxyType = 1;
			remoteGlobalIDString = 3ACE90201F0CDDC4007461F9;
			remoteInfo = Bai4;
		};
		3ACE90441F0CDDC4007461F9 /* PBXContainerItemProxy */ = {
			isa = PBXContainerItemProxy;
			containerPortal = 3ACE90191F0CDDC4007461F9 /* Project object */;
			proxyType = 1;
			remoteGlobalIDString = 3ACE90201F0CDDC4007461F9;
			remoteInfo = Bai4;
		};
/* End PBXContainerItemProxy section */

/* Begin PBXFileReference section */
		3ACE90211F0CDDC4007461F9 /* Bai4.app */ = {isa = PBXFileReference; explicitFileType = wrapper.application; includeInIndex = 0; path = Bai4.app; sourceTree = BUILT_PRODUCTS_DIR; };
		3ACE90241F0CDDC4007461F9 /* AppDelegate.swift */ = {isa = PBXFileReference; lastKnownFileType = sourcecode.swift; path = AppDelegate.swift; sourceTree = "<group>"; };
		3ACE90261F0CDDC4007461F9 /* ViewController.swift */ = {isa = PBXFileReference; lastKnownFileType = sourcecode.swift; path = ViewController.swift; sourceTree = "<group>"; };
		3ACE90291F0CDDC4007461F9 /* Base */ = {isa = PBXFileReference; lastKnownFileType = file.storyboard; name = Base; path = Base.lproj/Main.storyboard; sourceTree = "<group>"; };
		3ACE902C1F0CDDC4007461F9 /* Bai4.xcdatamodel */ = {isa = PBXFileReference; lastKnownFileType = wrapper.xcdatamodel; path = Bai4.xcdatamodel; sourceTree = "<group>"; };
		3ACE902E1F0CDDC4007461F9 /* Assets.xcassets */ = {isa = PBXFileReference; lastKnownFileType = folder.assetcatalog; path = Assets.xcassets; sourceTree = "<group>"; };
		3ACE90311F0CDDC4007461F9 /* Base */ = {isa = PBXFileReference; lastKnownFileType = file.storyboard; name = Base; path = Base.lproj/LaunchScreen.storyboard; sourceTree = "<group>"; };
		3ACE90331F0CDDC4007461F9 /* Info.plist */ = {isa = PBXFileReference; lastKnownFileType = text.plist.xml; path = Info.plist; sourceTree = "<group>"; };
		3ACE90381F0CDDC4007461F9 /* Bai4Tests.xctest */ = {isa = PBXFileReference; explicitFileType = wrapper.cfbundle; includeInIndex = 0; path = Bai4Tests.xctest; sourceTree = BUILT_PRODUCTS_DIR; };
		3ACE903C1F0CDDC4007461F9 /* Bai4Tests.swift */ = {isa = PBXFileReference; lastKnownFileType = sourcecode.swift; path = Bai4Tests.swift; sourceTree = "<group>"; };
		3ACE903E1F0CDDC4007461F9 /* Info.plist */ = {isa = PBXFileReference; lastKnownFileType = text.plist.xml; path = Info.plist; sourceTree = "<group>"; };
		3ACE90431F0CDDC4007461F9 /* Bai4UITests.xctest */ = {isa = PBXFileReference; explicitFileType = wrapper.cfbundle; includeInIndex = 0; path = Bai4UITests.xctest; sourceTree = BUILT_PRODUCTS_DIR; };
		3ACE90471F0CDDC4007461F9 /* Bai4UITests.swift */ = {isa = PBXFileReference; lastKnownFileType = sourcecode.swift; path = Bai4UITests.swift; sourceTree = "<group>"; };
		3ACE90491F0CDDC4007461F9 /* Info.plist */ = {isa = PBXFileReference; lastKnownFileType = text.plist.xml; path = Info.plist; sourceTree = "<group>"; };
/* End PBXFileReference section */

/* Begin PBXFrameworksBuildPhase section */
		3ACE901E1F0CDDC4007461F9 /* Frameworks */ = {
			isa = PBXFrameworksBuildPhase;
			buildActionMask = 2147483647;
			files = (
			);
			runOnlyForDeploymentPostprocessing = 0;
		};
		3ACE90351F0CDDC4007461F9 /* Frameworks */ = {
			isa = PBXFrameworksBuildPhase;
			buildActionMask = 2147483647;
			files = (
			);
			runOnlyForDeploymentPostprocessing = 0;
		};
		3ACE90401F0CDDC4007461F9 /* Frameworks */ = {
			isa = PBXFrameworksBuildPhase;
			buildActionMask = 2147483647;
			files = (
			);
			runOnlyForDeploymentPostprocessing = 0;
		};
/* End PBXFrameworksBuildPhase section */

/* Begin PBXGroup section */
		3ACE90181F0CDDC4007461F9 = {
			isa = PBXGroup;
			children = (
				3ACE90231F0CDDC4007461F9 /* Bai4 */,
				3ACE903B1F0CDDC4007461F9 /* Bai4Tests */,
				3ACE90461F0CDDC4007461F9 /* Bai4UITests */,
				3ACE90221F0CDDC4007461F9 /* Products */,
			);
			sourceTree = "<group>";
		};
		3ACE90221F0CDDC4007461F9 /* Products */ = {
			isa = PBXGroup;
			children = (
				3ACE90211F0CDDC4007461F9 /* Bai4.app */,
				3ACE90381F0CDDC4007461F9 /* Bai4Tests.xctest */,
				3ACE90431F0CDDC4007461F9 /* Bai4UITests.xctest */,
			);
			name = Products;
			sourceTree = "<group>";
		};
		3ACE90231F0CDDC4007461F9 /* Bai4 */ = {
			isa = PBXGroup;
			children = (
				3ACE90241F0CDDC4007461F9 /* AppDelegate.swift */,
				3ACE90261F0CDDC4007461F9 /* ViewController.swift */,
				3ACE90281F0CDDC4007461F9 /* Main.storyboard */,
				3ACE902E1F0CDDC4007461F9 /* Assets.xcassets */,
				3ACE90301F0CDDC4007461F9 /* LaunchScreen.storyboard */,
				3ACE90331F0CDDC4007461F9 /* Info.plist */,
				3ACE902B1F0CDDC4007461F9 /* Bai4.xcdatamodeld */,
			);
			path = Bai4;
			sourceTree = "<group>";
		};
		3ACE903B1F0CDDC4007461F9 /* Bai4Tests */ = {
			isa = PBXGroup;
			children = (
				3ACE903C1F0CDDC4007461F9 /* Bai4Tests.swift */,
				3ACE903E1F0CDDC4007461F9 /* Info.plist */,
			);
			path = Bai4Tests;
			sourceTree = "<group>";
		};
		3ACE90461F0CDDC4007461F9 /* Bai4UITests */ = {
			isa = PBXGroup;
			children = (
				3ACE90471F0CDDC4007461F9 /* Bai4UITests.swift */,
				3ACE90491F0CDDC4007461F9 /* Info.plist */,
			);
			path = Bai4UITests;
			sourceTree = "<group>";
		};
/* End PBXGroup section */

/* Begin PBXNativeTarget section */
		3ACE90201F0CDDC4007461F9 /* Bai4 */ = {
			isa = PBXNativeTarget;
			buildConfigurationList = 3ACE904C1F0CDDC4007461F9 /* Build configuration list for PBXNativeTarget "Bai4" */;
			buildPhases = (
				3ACE901D1F0CDDC4007461F9 /* Sources */,
				3ACE901E1F0CDDC4007461F9 /* Frameworks */,
				3ACE901F1F0CDDC4007461F9 /* Resources */,
			);
			buildRules = (
			);
			dependencies = (
			);
			name = Bai4;
			productName = Bai4;
			productReference = 3ACE90211F0CDDC4007461F9 /* Bai4.app */;
			productType = "com.apple.product-type.application";
		};
		3ACE90371F0CDDC4007461F9 /* Bai4Tests */ = {
			isa = PBXNativeTarget;
			buildConfigurationList = 3ACE904F1F0CDDC4007461F9 /* Build configuration list for PBXNativeTarget "Bai4Tests" */;
			buildPhases = (
				3ACE90341F0CDDC4007461F9 /* Sources */,
				3ACE90351F0CDDC4007461F9 /* Frameworks */,
				3ACE90361F0CDDC4007461F9 /* Resources */,
			);
			buildRules = (
			);
			dependencies = (
				3ACE903A1F0CDDC4007461F9 /* PBXTargetDependency */,
			);
			name = Bai4Tests;
			productName = Bai4Tests;
			productReference = 3ACE90381F0CDDC4007461F9 /* Bai4Tests.xctest */;
			productType = "com.apple.product-type.bundle.unit-test";
		};
		3ACE90421F0CDDC4007461F9 /* Bai4UITests */ = {
			isa = PBXNativeTarget;
			buildConfigurationList = 3ACE90521F0CDDC4007461F9 /* Build configuration list for PBXNativeTarget "Bai4UITests" */;
			buildPhases = (
				3ACE903F1F0CDDC4007461F9 /* Sources */,
				3ACE90401F0CDDC4007461F9 /* Frameworks */,
				3ACE90411F0CDDC4007461F9 /* Resources */,
			);
			buildRules = (
			);
			dependencies = (
				3ACE90451F0CDDC4007461F9 /* PBXTargetDependency */,
			);
			name = Bai4UITests;
			productName = Bai4UITests;
			productReference = 3ACE90431F0CDDC4007461F9 /* Bai4UITests.xctest */;
			productType = "com.apple.product-type.bundle.ui-testing";
		};
/* End PBXNativeTarget section */

/* Begin PBXProject section */
		3ACE90191F0CDDC4007461F9 /* Project object */ = {
			isa = PBXProject;
			attributes = {
				LastSwiftUpdateCheck = 0830;
				LastUpgradeCheck = 0830;
				ORGANIZATIONNAME = "Dau Khac Bac";
				TargetAttributes = {
					3ACE90201F0CDDC4007461F9 = {
						CreatedOnToolsVersion = 8.3;
						ProvisioningStyle = Automatic;
					};
					3ACE90371F0CDDC4007461F9 = {
						CreatedOnToolsVersion = 8.3;
						ProvisioningStyle = Automatic;
						TestTargetID = 3ACE90201F0CDDC4007461F9;
					};
					3ACE90421F0CDDC4007461F9 = {
						CreatedOnToolsVersion = 8.3;
						ProvisioningStyle = Automatic;
						TestTargetID = 3ACE90201F0CDDC4007461F9;
					};
				};
			};
			buildConfigurationList = 3ACE901C1F0CDDC4007461F9 /* Build configuration list for PBXProject "Bai4" */;
			compatibilityVersion = "Xcode 3.2";
			developmentRegion = English;
			hasScannedForEncodings = 0;
			knownRegions = (
				en,
				Base,
			);
			mainGroup = 3ACE90181F0CDDC4007461F9;
			productRefGroup = 3ACE90221F0CDDC4007461F9 /* Products */;
			projectDirPath = "";
			projectRoot = "";
			targets = (
				3ACE90201F0CDDC4007461F9 /* Bai4 */,
				3ACE90371F0CDDC4007461F9 /* Bai4Tests */,
				3ACE90421F0CDDC4007461F9 /* Bai4UITests */,
			);
		};
/* End PBXProject section */

/* Begin PBXResourcesBuildPhase section */
		3ACE901F1F0CDDC4007461F9 /* Resources */ = {
			isa = PBXResourcesBuildPhase;
			buildActionMask = 2147483647;
			files = (
				3ACE90321F0CDDC4007461F9 /* LaunchScreen.storyboard in Resources */,
				3ACE902F1F0CDDC4007461F9 /* Assets.xcassets in Resources */,
				3ACE902A1F0CDDC4007461F9 /* Main.storyboard in Resources */,
			);
			runOnlyForDeploymentPostprocessing = 0;
		};
		3ACE90361F0CDDC4007461F9 /* Resources */ = {
			isa = PBXResourcesBuildPhase;
			buildActionMask = 2147483647;
			files = (
			);
			runOnlyForDeploymentPostprocessing = 0;
		};
		3ACE90411F0CDDC4007461F9 /* Resources */ = {
			isa = PBXResourcesBuildPhase;
			buildActionMask = 2147483647;
			files = (
			);
			runOnlyForDeploymentPostprocessing = 0;
		};
/* End PBXResourcesBuildPhase section */

/* Begin PBXSourcesBuildPhase section */
		3ACE901D1F0CDDC4007461F9 /* Sources */ = {
			isa = PBXSourcesBuildPhase;
			buildActionMask = 2147483647;
			files = (
				3ACE90271F0CDDC4007461F9 /* ViewController.swift in Sources */,
				3ACE90251F0CDDC4007461F9 /* AppDelegate.swift in Sources */,
				3ACE902D1F0CDDC4007461F9 /* Bai4.xcdatamodeld in Sources */,
			);
			runOnlyForDeploymentPostprocessing = 0;
		};
		3ACE90341F0CDDC4007461F9 /* Sources */ = {
			isa = PBXSourcesBuildPhase;
			buildActionMask = 2147483647;
			files = (
				3ACE903D1F0CDDC4007461F9 /* Bai4Tests.swift in Sources */,
			);
			runOnlyForDeploymentPostprocessing = 0;
		};
		3ACE903F1F0CDDC4007461F9 /* Sources */ = {
			isa = PBXSourcesBuildPhase;
			buildActionMask = 2147483647;
			files = (
				3ACE90481F0CDDC4007461F9 /* Bai4UITests.swift in Sources */,
			);
			runOnlyForDeploymentPostprocessing = 0;
		};
/* End PBXSourcesBuildPhase section */

/* Begin PBXTargetDependency section */
		3ACE903A1F0CDDC4007461F9 /* PBXTargetDependency */ = {
			isa = PBXTargetDependency;
			target = 3ACE90201F0CDDC4007461F9 /* Bai4 */;
			targetProxy = 3ACE90391F0CDDC4007461F9 /* PBXContainerItemProxy */;
		};
		3ACE90451F0CDDC4007461F9 /* PBXTargetDependency */ = {
			isa = PBXTargetDependency;
			target = 3ACE90201F0CDDC4007461F9 /* Bai4 */;
			targetProxy = 3ACE90441F0CDDC4007461F9 /* PBXContainerItemProxy */;
		};
/* End PBXTargetDependency section */

/* Begin PBXVariantGroup section */
		3ACE90281F0CDDC4007461F9 /* Main.storyboard */ = {
			isa = PBXVariantGroup;
			children = (
				3ACE90291F0CDDC4007461F9 /* Base */,
			);
			name = Main.storyboard;
			sourceTree = "<group>";
		};
		3ACE90301F0CDDC4007461F9 /* LaunchScreen.storyboard */ = {
			isa = PBXVariantGroup;
			children = (
				3ACE90311F0CDDC4007461F9 /* Base */,
			);
			name = LaunchScreen.storyboard;
			sourceTree = "<group>";
		};
/* End PBXVariantGroup section */

/* Begin XCBuildConfiguration section */
		3ACE904A1F0CDDC4007461F9 /* Debug */ = {
			isa = XCBuildConfiguration;
			buildSettings = {
				ALWAYS_SEARCH_USER_PATHS = NO;
				CLANG_ANALYZER_NONNULL = YES;
				CLANG_ANALYZER_NUMBER_OBJECT_CONVERSION = YES_AGGRESSIVE;
				CLANG_CXX_LANGUAGE_STANDARD = "gnu++0x";
				CLANG_CXX_LIBRARY = "libc++";
				CLANG_ENABLE_MODULES = YES;
				CLANG_ENABLE_OBJC_ARC = YES;
				CLANG_WARN_BOOL_CONVERSION = YES;
				CLANG_WARN_CONSTANT_CONVERSION = YES;
				CLANG_WARN_DIRECT_OBJC_ISA_USAGE = YES_ERROR;
				CLANG_WARN_DOCUMENTATION_COMMENTS = YES;
				CLANG_WARN_EMPTY_BODY = YES;
				CLANG_WARN_ENUM_CONVERSION = YES;
				CLANG_WARN_INFINITE_RECURSION = YES;
				CLANG_WARN_INT_CONVERSION = YES;
				CLANG_WARN_OBJC_ROOT_CLASS = YES_ERROR;
				CLANG_WARN_SUSPICIOUS_MOVE = YES;
				CLANG_WARN_UNREACHABLE_CODE = YES;
				CLANG_WARN__DUPLICATE_METHOD_MATCH = YES;
				"CODE_SIGN_IDENTITY[sdk=iphoneos*]" = "iPhone Developer";
				COPY_PHASE_STRIP = NO;
				DEBUG_INFORMATION_FORMAT = dwarf;
				ENABLE_STRICT_OBJC_MSGSEND = YES;
				ENABLE_TESTABILITY = YES;
				GCC_C_LANGUAGE_STANDARD = gnu99;
				GCC_DYNAMIC_NO_PIC = NO;
				GCC_NO_COMMON_BLOCKS = YES;
				GCC_OPTIMIZATION_LEVEL = 0;
				GCC_PREPROCESSOR_DEFINITIONS = (
					"DEBUG=1",
					"$(inherited)",
				);
				GCC_WARN_64_TO_32_BIT_CONVERSION = YES;
				GCC_WARN_ABOUT_RETURN_TYPE = YES_ERROR;
				GCC_WARN_UNDECLARED_SELECTOR = YES;
				GCC_WARN_UNINITIALIZED_AUTOS = YES_AGGRESSIVE;
				GCC_WARN_UNUSED_FUNCTION = YES;
				GCC_WARN_UNUSED_VARIABLE = YES;
				IPHONEOS_DEPLOYMENT_TARGET = 10.3;
				MTL_ENABLE_DEBUG_INFO = YES;
				ONLY_ACTIVE_ARCH = YES;
				SDKROOT = iphoneos;
				SWIFT_ACTIVE_COMPILATION_CONDITIONS = DEBUG;
				SWIFT_OPTIMIZATION_LEVEL = "-Onone";
				TARGETED_DEVICE_FAMILY = "1,2";
			};
			name = Debug;
		};
		3ACE904B1F0CDDC4007461F9 /* Release */ = {
			isa = XCBuildConfiguration;
			buildSettings = {
				ALWAYS_SEARCH_USER_PATHS = NO;
				CLANG_ANALYZER_NONNULL = YES;
				CLANG_ANALYZER_NUMBER_OBJECT_CONVERSION = YES_AGGRESSIVE;
				CLANG_CXX_LANGUAGE_STANDARD = "gnu++0x";
				CLANG_CXX_LIBRARY = "libc++";
				CLANG_ENABLE_MODULES = YES;
				CLANG_ENABLE_OBJC_ARC = YES;
				CLANG_WARN_BOOL_CONVERSION = YES;
				CLANG_WARN_CONSTANT_CONVERSION = YES;
				CLANG_WARN_DIRECT_OBJC_ISA_USAGE = YES_ERROR;
				CLANG_WARN_DOCUMENTATION_COMMENTS = YES;
				CLANG_WARN_EMPTY_BODY = YES;
				CLANG_WARN_ENUM_CONVERSION = YES;
				CLANG_WARN_INFINITE_RECURSION = YES;
				CLANG_WARN_INT_CONVERSION = YES;
				CLANG_WARN_OBJC_ROOT_CLASS = YES_ERROR;
				CLANG_WARN_SUSPICIOUS_MOVE = YES;
				CLANG_WARN_UNREACHABLE_CODE = YES;
				CLANG_WARN__DUPLICATE_METHOD_MATCH = YES;
				"CODE_SIGN_IDENTITY[sdk=iphoneos*]" = "iPhone Developer";
				COPY_PHASE_STRIP = NO;
				DEBUG_INFORMATION_FORMAT = "dwarf-with-dsym";
				ENABLE_NS_ASSERTIONS = NO;
				ENABLE_STRICT_OBJC_MSGSEND = YES;
				GCC_C_LANGUAGE_STANDARD = gnu99;
				GCC_NO_COMMON_BLOCKS = YES;
				GCC_WARN_64_TO_32_BIT_CONVERSION = YES;
				GCC_WARN_ABOUT_RETURN_TYPE = YES_ERROR;
				GCC_WARN_UNDECLARED_SELECTOR = YES;
				GCC_WARN_UNINITIALIZED_AUTOS = YES_AGGRESSIVE;
				GCC_WARN_UNUSED_FUNCTION = YES;
				GCC_WARN_UNUSED_VARIABLE = YES;
				IPHONEOS_DEPLOYMENT_TARGET = 10.3;
				MTL_ENABLE_DEBUG_INFO = NO;
				SDKROOT = iphoneos;
				SWIFT_OPTIMIZATION_LEVEL = "-Owholemodule";
				TARGETED_DEVICE_FAMILY = "1,2";
				VALIDATE_PRODUCT = YES;
			};
			name = Release;
		};
		3ACE904D1F0CDDC4007461F9 /* Debug */ = {
			isa = XCBuildConfiguration;
			buildSettings = {
				ASSETCATALOG_COMPILER_APPICON_NAME = AppIcon;
				INFOPLIST_FILE = Bai4/Info.plist;
				LD_RUNPATH_SEARCH_PATHS = "$(inherited) @executable_path/Frameworks";
				PRODUCT_BUNDLE_IDENTIFIER = bac.Bai4;
				PRODUCT_NAME = "$(TARGET_NAME)";
				SWIFT_VERSION = 3.0;
			};
			name = Debug;
		};
		3ACE904E1F0CDDC4007461F9 /* Release */ = {
			isa = XCBuildConfiguration;
			buildSettings = {
				ASSETCATALOG_COMPILER_APPICON_NAME = AppIcon;
				INFOPLIST_FILE = Bai4/Info.plist;
				LD_RUNPATH_SEARCH_PATHS = "$(inherited) @executable_path/Frameworks";
				PRODUCT_BUNDLE_IDENTIFIER = bac.Bai4;
				PRODUCT_NAME = "$(TARGET_NAME)";
				SWIFT_VERSION = 3.0;
			};
			name = Release;
		};
		3ACE90501F0CDDC4007461F9 /* Debug */ = {
			isa = XCBuildConfiguration;
			buildSettings = {
				ALWAYS_EMBED_SWIFT_STANDARD_LIBRARIES = YES;
				BUNDLE_LOADER = "$(TEST_HOST)";
				INFOPLIST_FILE = Bai4Tests/Info.plist;
				LD_RUNPATH_SEARCH_PATHS = "$(inherited) @executable_path/Frameworks @loader_path/Frameworks";
				PRODUCT_BUNDLE_IDENTIFIER = bac.Bai4Tests;
				PRODUCT_NAME = "$(TARGET_NAME)";
				SWIFT_VERSION = 3.0;
				TEST_HOST = "$(BUILT_PRODUCTS_DIR)/Bai4.app/Bai4";
			};
			name = Debug;
		};
		3ACE90511F0CDDC4007461F9 /* Release */ = {
			isa = XCBuildConfiguration;
			buildSettings = {
				ALWAYS_EMBED_SWIFT_STANDARD_LIBRARIES = YES;
				BUNDLE_LOADER = "$(TEST_HOST)";
				INFOPLIST_FILE = Bai4Tests/Info.plist;
				LD_RUNPATH_SEARCH_PATHS = "$(inherited) @executable_path/Frameworks @loader_path/Frameworks";
				PRODUCT_BUNDLE_IDENTIFIER = bac.Bai4Tests;
				PRODUCT_NAME = "$(TARGET_NAME)";
				SWIFT_VERSION = 3.0;
				TEST_HOST = "$(BUILT_PRODUCTS_DIR)/Bai4.app/Bai4";
			};
			name = Release;
		};
		3ACE90531F0CDDC4007461F9 /* Debug */ = {
			isa = XCBuildConfiguration;
			buildSettings = {
				ALWAYS_EMBED_SWIFT_STANDARD_LIBRARIES = YES;
				INFOPLIST_FILE = Bai4UITests/Info.plist;
				LD_RUNPATH_SEARCH_PATHS = "$(inherited) @executable_path/Frameworks @loader_path/Frameworks";
				PRODUCT_BUNDLE_IDENTIFIER = bac.Bai4UITests;
				PRODUCT_NAME = "$(TARGET_NAME)";
				SWIFT_VERSION = 3.0;
				TEST_TARGET_NAME = Bai4;
			};
			name = Debug;
		};
		3ACE90541F0CDDC4007461F9 /* Release */ = {
			isa = XCBuildConfiguration;
			buildSettings = {
				ALWAYS_EMBED_SWIFT_STANDARD_LIBRARIES = YES;
				INFOPLIST_FILE = Bai4UITests/Info.plist;
				LD_RUNPATH_SEARCH_PATHS = "$(inherited) @executable_path/Frameworks @loader_path/Frameworks";
				PRODUCT_BUNDLE_IDENTIFIER = bac.Bai4UITests;
				PRODUCT_NAME = "$(TARGET_NAME)";
				SWIFT_VERSION = 3.0;
				TEST_TARGET_NAME = Bai4;
			};
			name = Release;
		};
/* End XCBuildConfiguration section */

/* Begin XCConfigurationList section */
		3ACE901C1F0CDDC4007461F9 /* Build configuration list for PBXProject "Bai4" */ = {
			isa = XCConfigurationList;
			buildConfigurations = (
				3ACE904A1F0CDDC4007461F9 /* Debug */,
				3ACE904B1F0CDDC4007461F9 /* Release */,
			);
			defaultConfigurationIsVisible = 0;
			defaultConfigurationName = Release;
		};
		3ACE904C1F0CDDC4007461F9 /* Build configuration list for PBXNativeTarget "Bai4" */ = {
			isa = XCConfigurationList;
			buildConfigurations = (
				3ACE904D1F0CDDC4007461F9 /* Debug */,
				3ACE904E1F0CDDC4007461F9 /* Release */,
			);
			defaultConfigurationIsVisible = 0;
		};
		3ACE904F1F0CDDC4007461F9 /* Build configuration list for PBXNativeTarget "Bai4Tests" */ = {
			isa = XCConfigurationList;
			buildConfigurations = (
				3ACE90501F0CDDC4007461F9 /* Debug */,
				3ACE90511F0CDDC4007461F9 /* Release */,
			);
			defaultConfigurationIsVisible = 0;
		};
		3ACE90521F0CDDC4007461F9 /* Build configuration list for PBXNativeTarget "Bai4UITests" */ = {
			isa = XCConfigurationList;
			buildConfigurations = (
				3ACE90531F0CDDC4007461F9 /* Debug */,
				3ACE90541F0CDDC4007461F9 /* Release */,
			);
			defaultConfigurationIsVisible = 0;
		};
/* End XCConfigurationList section */

/* Begin XCVersionGroup section */
		3ACE902B1F0CDDC4007461F9 /* Bai4.xcdatamodeld */ = {
			isa = XCVersionGroup;
			children = (
				3ACE902C1F0CDDC4007461F9 /* Bai4.xcdatamodel */,
			);
			currentVersion = 3ACE902C1F0CDDC4007461F9 /* Bai4.xcdatamodel */;
			path = Bai4.xcdatamodeld;
			sourceTree = "<group>";
			versionGroupType = wrapper.xcdatamodel;
		};
/* End XCVersionGroup section */
	};
	rootObject = 3ACE90191F0CDDC4007461F9 /* Project object */;
}
